// !$*UTF8*$!
{
	archiveVersion = 1;
	classes = {
	};
	objectVersion = 56;
	objects = {

/* Begin PBXBuildFile section */
		18159B232AAC91EC007EE035 /* AuthService.swift in Sources */ = {isa = PBXBuildFile; fileRef = 18159B222AAC91EC007EE035 /* AuthService.swift */; };
		18159B262AAC9580007EE035 /* Constants.swift in Sources */ = {isa = PBXBuildFile; fileRef = 18159B252AAC9580007EE035 /* Constants.swift */; };
		18159B282AAC9B68007EE035 /* FileUploader.swift in Sources */ = {isa = PBXBuildFile; fileRef = 18159B272AAC9B68007EE035 /* FileUploader.swift */; };
		1823F3E52AAF3B6F00602E82 /* ChatViewController.swift in Sources */ = {isa = PBXBuildFile; fileRef = 1823F3E42AAF3B6F00602E82 /* ChatViewController.swift */; };
		1823F3E92AAF43AB00602E82 /* ChatViewCell.swift in Sources */ = {isa = PBXBuildFile; fileRef = 1823F3E82AAF43AB00602E82 /* ChatViewCell.swift */; };
		182A89BC2AACBABE00B08DBC /* ConversationViewController.swift in Sources */ = {isa = PBXBuildFile; fileRef = 182A89BB2AACBABE00B08DBC /* ConversationViewController.swift */; };
		182A89BE2AACC37200B08DBC /* UIAnimatable.swift in Sources */ = {isa = PBXBuildFile; fileRef = 182A89BD2AACC37200B08DBC /* UIAnimatable.swift */; };
		182A89C12AACC43000B08DBC /* ProgressHUD in Frameworks */ = {isa = PBXBuildFile; productRef = 182A89C02AACC43000B08DBC /* ProgressHUD */; };
		182D81FC2AAEBC6E00C35D5C /* BarButtonItem.swift in Sources */ = {isa = PBXBuildFile; fileRef = 182D81FB2AAEBC6E00C35D5C /* BarButtonItem.swift */; };
		182D81FE2AAEC2A800C35D5C /* NavigationBar.swift in Sources */ = {isa = PBXBuildFile; fileRef = 182D81FD2AAEC2A800C35D5C /* NavigationBar.swift */; };
		182D82002AAED18400C35D5C /* NewChatViewController.swift in Sources */ = {isa = PBXBuildFile; fileRef = 182D81FF2AAED18400C35D5C /* NewChatViewController.swift */; };
		182D82072AAEF4D400C35D5C /* ConversationCell.swift in Sources */ = {isa = PBXBuildFile; fileRef = 182D82062AAEF4D400C35D5C /* ConversationCell.swift */; };
		182D820C2AAF1BBA00C35D5C /* NewChatCell.swift in Sources */ = {isa = PBXBuildFile; fileRef = 182D820B2AAF1BBA00C35D5C /* NewChatCell.swift */; };
		182EC0462AB2C8BC00C522FA /* MessageService.swift in Sources */ = {isa = PBXBuildFile; fileRef = 182EC0452AB2C8BC00C522FA /* MessageService.swift */; };
		182EC0482AB2F22B00C522FA /* Message.swift in Sources */ = {isa = PBXBuildFile; fileRef = 182EC0472AB2F22B00C522FA /* Message.swift */; };
		182EC04B2AB308D300C522FA /* MessageViewModel.swift in Sources */ = {isa = PBXBuildFile; fileRef = 182EC04A2AB308D300C522FA /* MessageViewModel.swift */; };
		1832431D2AAC4B400033F2AA /* AuthButton.swift in Sources */ = {isa = PBXBuildFile; fileRef = 1832431C2AAC4B400033F2AA /* AuthButton.swift */; };
		183243202AAC4ECE0033F2AA /* AuthViewModelProtocol.swift in Sources */ = {isa = PBXBuildFile; fileRef = 1832431F2AAC4ECE0033F2AA /* AuthViewModelProtocol.swift */; };
		183243222AAC64F70033F2AA /* UIColor.swift in Sources */ = {isa = PBXBuildFile; fileRef = 183243212AAC64F70033F2AA /* UIColor.swift */; };
		183243242AAC72F80033F2AA /* CustomLabel.swift in Sources */ = {isa = PBXBuildFile; fileRef = 183243232AAC72F80033F2AA /* CustomLabel.swift */; };
		183243262AAC79090033F2AA /* CustomImageView.swift in Sources */ = {isa = PBXBuildFile; fileRef = 183243252AAC79090033F2AA /* CustomImageView.swift */; };
		1832432E2AAC83690033F2AA /* SDWebImage in Frameworks */ = {isa = PBXBuildFile; productRef = 1832432D2AAC83690033F2AA /* SDWebImage */; };
		183243312AAC841B0033F2AA /* FirebaseAuth in Frameworks */ = {isa = PBXBuildFile; productRef = 183243302AAC841B0033F2AA /* FirebaseAuth */; };
		183243332AAC841B0033F2AA /* FirebaseDatabase in Frameworks */ = {isa = PBXBuildFile; productRef = 183243322AAC841B0033F2AA /* FirebaseDatabase */; };
		183243352AAC841B0033F2AA /* FirebaseFirestore in Frameworks */ = {isa = PBXBuildFile; productRef = 183243342AAC841B0033F2AA /* FirebaseFirestore */; };
		183243372AAC841B0033F2AA /* FirebaseMessaging in Frameworks */ = {isa = PBXBuildFile; productRef = 183243362AAC841B0033F2AA /* FirebaseMessaging */; };
		183243392AAC841B0033F2AA /* FirebaseStorage in Frameworks */ = {isa = PBXBuildFile; productRef = 183243382AAC841B0033F2AA /* FirebaseStorage */; };
		1832433C2AAC84840033F2AA /* MBProgressHUD in Frameworks */ = {isa = PBXBuildFile; productRef = 1832433B2AAC84840033F2AA /* MBProgressHUD */; };
		1853A9F02AAB16B600C7BD01 /* AppDelegate.swift in Sources */ = {isa = PBXBuildFile; fileRef = 1853A9EF2AAB16B600C7BD01 /* AppDelegate.swift */; };
		1853A9F22AAB16B600C7BD01 /* SceneDelegate.swift in Sources */ = {isa = PBXBuildFile; fileRef = 1853A9F12AAB16B600C7BD01 /* SceneDelegate.swift */; };
		1853A9FC2AAB16B600C7BD01 /* LaunchScreen.storyboard in Resources */ = {isa = PBXBuildFile; fileRef = 1853A9FA2AAB16B600C7BD01 /* LaunchScreen.storyboard */; };
		1853AA0D2AAB194800C7BD01 /* LoginViewController.swift in Sources */ = {isa = PBXBuildFile; fileRef = 1853AA0C2AAB194800C7BD01 /* LoginViewController.swift */; };
		1853AA0F2AAB1A3000C7BD01 /* RegisterViewController.swift in Sources */ = {isa = PBXBuildFile; fileRef = 1853AA0E2AAB1A3000C7BD01 /* RegisterViewController.swift */; };
		1853AA122AAB1CD800C7BD01 /* Views.swift in Sources */ = {isa = PBXBuildFile; fileRef = 1853AA112AAB1CD800C7BD01 /* Views.swift */; };
		1853AA162AAB1D2200C7BD01 /* Assets.xcassets in Resources */ = {isa = PBXBuildFile; fileRef = 1853AA152AAB1D2200C7BD01 /* Assets.xcassets */; };
		1853AA182AAB500400C7BD01 /* Buttons.swift in Sources */ = {isa = PBXBuildFile; fileRef = 1853AA172AAB500400C7BD01 /* Buttons.swift */; };
		1853AA1A2AAB55D700C7BD01 /* LoginViewModel.swift in Sources */ = {isa = PBXBuildFile; fileRef = 1853AA192AAB55D700C7BD01 /* LoginViewModel.swift */; };
		185411D22AAC27760086A8EF /* CustomTextField.swift in Sources */ = {isa = PBXBuildFile; fileRef = 185411D12AAC27760086A8EF /* CustomTextField.swift */; };
		185411D42AAC33E70086A8EF /* RegisterViewModel.swift in Sources */ = {isa = PBXBuildFile; fileRef = 185411D32AAC33E70086A8EF /* RegisterViewModel.swift */; };
		186182342AADB7F300C69A88 /* GoogleSignIn in Frameworks */ = {isa = PBXBuildFile; productRef = 186182332AADB7F300C69A88 /* GoogleSignIn */; };
		186182362AADB7F300C69A88 /* GoogleSignInSwift in Frameworks */ = {isa = PBXBuildFile; productRef = 186182352AADB7F300C69A88 /* GoogleSignInSwift */; };
		1861823A2AADC06100C69A88 /* credentials.plist in Resources */ = {isa = PBXBuildFile; fileRef = 186182392AADC06100C69A88 /* credentials.plist */; };
		1861823C2AADC1EA00C69A88 /* GoogleService-Info.plist in Resources */ = {isa = PBXBuildFile; fileRef = 1861823B2AADC1EA00C69A88 /* GoogleService-Info.plist */; };
		1861823E2AADCD5E00C69A88 /* String.swift in Sources */ = {isa = PBXBuildFile; fileRef = 1861823D2AADCD5E00C69A88 /* String.swift */; };
		186182402AADD37C00C69A88 /* ImageTextButton.swift in Sources */ = {isa = PBXBuildFile; fileRef = 1861823F2AADD37C00C69A88 /* ImageTextButton.swift */; };
		186182422AADF03800C69A88 /* User.swift in Sources */ = {isa = PBXBuildFile; fileRef = 186182412AADF03800C69A88 /* User.swift */; };
		186182442AADF19A00C69A88 /* UserServiece.swift in Sources */ = {isa = PBXBuildFile; fileRef = 186182432AADF19A00C69A88 /* UserServiece.swift */; };
		1872F2772ABEF16A008D07B3 /* SwiftAudioPlayer in Frameworks */ = {isa = PBXBuildFile; productRef = 1872F2762ABEF16A008D07B3 /* SwiftAudioPlayer */; };
		1898DC032ABC009C006AC728 /* AKAudioRecorder.swift in Sources */ = {isa = PBXBuildFile; fileRef = 1898DC022ABC009C006AC728 /* AKAudioRecorder.swift */; };
		18999A852AB0308F0094E18A /* CustomeInputView.swift in Sources */ = {isa = PBXBuildFile; fileRef = 18999A842AB0308F0094E18A /* CustomeInputView.swift */; };
		18999A882AB031B20094E18A /* InputTextView.swift in Sources */ = {isa = PBXBuildFile; fileRef = 18999A872AB031B20094E18A /* InputTextView.swift */; };
		18999A8B2AB084B00094E18A /* UserViewModel.swift in Sources */ = {isa = PBXBuildFile; fileRef = 18999A8A2AB084B00094E18A /* UserViewModel.swift */; };
		18B60D302AB885FF005616CA /* VideoPlayerViewController.swift in Sources */ = {isa = PBXBuildFile; fileRef = 18B60D2F2AB885FF005616CA /* VideoPlayerViewController.swift */; };
		18B60D332AB88F2D005616CA /* ImageSlideshow in Frameworks */ = {isa = PBXBuildFile; productRef = 18B60D322AB88F2D005616CA /* ImageSlideshow */; };
		18B60D352AB88F2D005616CA /* ImageSlideshow/SDWebImage in Frameworks */ = {isa = PBXBuildFile; productRef = 18B60D342AB88F2D005616CA /* ImageSlideshow/SDWebImage */; };
		18C95AEF2AB6C9E4004AC21C /* ViewController.swift in Sources */ = {isa = PBXBuildFile; fileRef = 18C95AEE2AB6C9E4004AC21C /* ViewController.swift */; };
		18C95AF42AB6EA08004AC21C /* ChatHeader.swift in Sources */ = {isa = PBXBuildFile; fileRef = 18C95AF32AB6EA08004AC21C /* ChatHeader.swift */; };
		18C95AF62AB70007004AC21C /* CollectionView.swift in Sources */ = {isa = PBXBuildFile; fileRef = 18C95AF52AB70007004AC21C /* CollectionView.swift */; };
		18FA38562AB82C58008872CA /* ExtensionChatViewController.swift in Sources */ = {isa = PBXBuildFile; fileRef = 18FA38552AB82C58008872CA /* ExtensionChatViewController.swift */; };
/* End PBXBuildFile section */

/* Begin PBXFileReference section */
		18159B222AAC91EC007EE035 /* AuthService.swift */ = {isa = PBXFileReference; lastKnownFileType = sourcecode.swift; path = AuthService.swift; sourceTree = "<group>"; };
		18159B252AAC9580007EE035 /* Constants.swift */ = {isa = PBXFileReference; lastKnownFileType = sourcecode.swift; path = Constants.swift; sourceTree = "<group>"; };
		18159B272AAC9B68007EE035 /* FileUploader.swift */ = {isa = PBXFileReference; lastKnownFileType = sourcecode.swift; path = FileUploader.swift; sourceTree = "<group>"; };
		1823F3E42AAF3B6F00602E82 /* ChatViewController.swift */ = {isa = PBXFileReference; lastKnownFileType = sourcecode.swift; path = ChatViewController.swift; sourceTree = "<group>"; };
		1823F3E82AAF43AB00602E82 /* ChatViewCell.swift */ = {isa = PBXFileReference; lastKnownFileType = sourcecode.swift; path = ChatViewCell.swift; sourceTree = "<group>"; };
		182A89BB2AACBABE00B08DBC /* ConversationViewController.swift */ = {isa = PBXFileReference; lastKnownFileType = sourcecode.swift; path = ConversationViewController.swift; sourceTree = "<group>"; };
		182A89BD2AACC37200B08DBC /* UIAnimatable.swift */ = {isa = PBXFileReference; lastKnownFileType = sourcecode.swift; path = UIAnimatable.swift; sourceTree = "<group>"; };
		182D81FB2AAEBC6E00C35D5C /* BarButtonItem.swift */ = {isa = PBXFileReference; lastKnownFileType = sourcecode.swift; path = BarButtonItem.swift; sourceTree = "<group>"; };
		182D81FD2AAEC2A800C35D5C /* NavigationBar.swift */ = {isa = PBXFileReference; lastKnownFileType = sourcecode.swift; path = NavigationBar.swift; sourceTree = "<group>"; };
		182D81FF2AAED18400C35D5C /* NewChatViewController.swift */ = {isa = PBXFileReference; lastKnownFileType = sourcecode.swift; path = NewChatViewController.swift; sourceTree = "<group>"; };
		182D82062AAEF4D400C35D5C /* ConversationCell.swift */ = {isa = PBXFileReference; lastKnownFileType = sourcecode.swift; path = ConversationCell.swift; sourceTree = "<group>"; };
		182D820B2AAF1BBA00C35D5C /* NewChatCell.swift */ = {isa = PBXFileReference; lastKnownFileType = sourcecode.swift; path = NewChatCell.swift; sourceTree = "<group>"; };
		182EC0452AB2C8BC00C522FA /* MessageService.swift */ = {isa = PBXFileReference; lastKnownFileType = sourcecode.swift; path = MessageService.swift; sourceTree = "<group>"; };
		182EC0472AB2F22B00C522FA /* Message.swift */ = {isa = PBXFileReference; lastKnownFileType = sourcecode.swift; path = Message.swift; sourceTree = "<group>"; };
		182EC04A2AB308D300C522FA /* MessageViewModel.swift */ = {isa = PBXFileReference; lastKnownFileType = sourcecode.swift; path = MessageViewModel.swift; sourceTree = "<group>"; };
		1832431C2AAC4B400033F2AA /* AuthButton.swift */ = {isa = PBXFileReference; lastKnownFileType = sourcecode.swift; path = AuthButton.swift; sourceTree = "<group>"; };
		1832431F2AAC4ECE0033F2AA /* AuthViewModelProtocol.swift */ = {isa = PBXFileReference; lastKnownFileType = sourcecode.swift; path = AuthViewModelProtocol.swift; sourceTree = "<group>"; };
		183243212AAC64F70033F2AA /* UIColor.swift */ = {isa = PBXFileReference; lastKnownFileType = sourcecode.swift; path = UIColor.swift; sourceTree = "<group>"; };
		183243232AAC72F80033F2AA /* CustomLabel.swift */ = {isa = PBXFileReference; lastKnownFileType = sourcecode.swift; path = CustomLabel.swift; sourceTree = "<group>"; };
		183243252AAC79090033F2AA /* CustomImageView.swift */ = {isa = PBXFileReference; lastKnownFileType = sourcecode.swift; path = CustomImageView.swift; sourceTree = "<group>"; };
		1853A9EC2AAB16B600C7BD01 /* chatApp.app */ = {isa = PBXFileReference; explicitFileType = wrapper.application; includeInIndex = 0; path = chatApp.app; sourceTree = BUILT_PRODUCTS_DIR; };
		1853A9EF2AAB16B600C7BD01 /* AppDelegate.swift */ = {isa = PBXFileReference; lastKnownFileType = sourcecode.swift; path = AppDelegate.swift; sourceTree = "<group>"; };
		1853A9F12AAB16B600C7BD01 /* SceneDelegate.swift */ = {isa = PBXFileReference; lastKnownFileType = sourcecode.swift; path = SceneDelegate.swift; sourceTree = "<group>"; };
		1853A9FB2AAB16B600C7BD01 /* Base */ = {isa = PBXFileReference; lastKnownFileType = file.storyboard; name = Base; path = Base.lproj/LaunchScreen.storyboard; sourceTree = "<group>"; };
		1853A9FD2AAB16B600C7BD01 /* Info.plist */ = {isa = PBXFileReference; lastKnownFileType = text.plist.xml; path = Info.plist; sourceTree = "<group>"; };
		1853AA0C2AAB194800C7BD01 /* LoginViewController.swift */ = {isa = PBXFileReference; lastKnownFileType = sourcecode.swift; path = LoginViewController.swift; sourceTree = "<group>"; };
		1853AA0E2AAB1A3000C7BD01 /* RegisterViewController.swift */ = {isa = PBXFileReference; lastKnownFileType = sourcecode.swift; path = RegisterViewController.swift; sourceTree = "<group>"; };
		1853AA112AAB1CD800C7BD01 /* Views.swift */ = {isa = PBXFileReference; fileEncoding = 4; lastKnownFileType = sourcecode.swift; path = Views.swift; sourceTree = "<group>"; };
		1853AA152AAB1D2200C7BD01 /* Assets.xcassets */ = {isa = PBXFileReference; lastKnownFileType = folder.assetcatalog; path = Assets.xcassets; sourceTree = "<group>"; };
		1853AA172AAB500400C7BD01 /* Buttons.swift */ = {isa = PBXFileReference; lastKnownFileType = sourcecode.swift; path = Buttons.swift; sourceTree = "<group>"; };
		1853AA192AAB55D700C7BD01 /* LoginViewModel.swift */ = {isa = PBXFileReference; lastKnownFileType = sourcecode.swift; path = LoginViewModel.swift; sourceTree = "<group>"; };
		185411D12AAC27760086A8EF /* CustomTextField.swift */ = {isa = PBXFileReference; lastKnownFileType = sourcecode.swift; path = CustomTextField.swift; sourceTree = "<group>"; };
		185411D32AAC33E70086A8EF /* RegisterViewModel.swift */ = {isa = PBXFileReference; lastKnownFileType = sourcecode.swift; path = RegisterViewModel.swift; sourceTree = "<group>"; };
		186182392AADC06100C69A88 /* credentials.plist */ = {isa = PBXFileReference; fileEncoding = 4; lastKnownFileType = text.plist.xml; path = credentials.plist; sourceTree = "<group>"; };
		1861823B2AADC1EA00C69A88 /* GoogleService-Info.plist */ = {isa = PBXFileReference; fileEncoding = 4; lastKnownFileType = text.plist.xml; path = "GoogleService-Info.plist"; sourceTree = "<group>"; };
		1861823D2AADCD5E00C69A88 /* String.swift */ = {isa = PBXFileReference; lastKnownFileType = sourcecode.swift; path = String.swift; sourceTree = "<group>"; };
		1861823F2AADD37C00C69A88 /* ImageTextButton.swift */ = {isa = PBXFileReference; lastKnownFileType = sourcecode.swift; path = ImageTextButton.swift; sourceTree = "<group>"; };
		186182412AADF03800C69A88 /* User.swift */ = {isa = PBXFileReference; lastKnownFileType = sourcecode.swift; path = User.swift; sourceTree = "<group>"; };
		186182432AADF19A00C69A88 /* UserServiece.swift */ = {isa = PBXFileReference; lastKnownFileType = sourcecode.swift; path = UserServiece.swift; sourceTree = "<group>"; };
		1898DC022ABC009C006AC728 /* AKAudioRecorder.swift */ = {isa = PBXFileReference; fileEncoding = 4; lastKnownFileType = sourcecode.swift; path = AKAudioRecorder.swift; sourceTree = "<group>"; };
		18999A842AB0308F0094E18A /* CustomeInputView.swift */ = {isa = PBXFileReference; lastKnownFileType = sourcecode.swift; path = CustomeInputView.swift; sourceTree = "<group>"; };
		18999A872AB031B20094E18A /* InputTextView.swift */ = {isa = PBXFileReference; lastKnownFileType = sourcecode.swift; path = InputTextView.swift; sourceTree = "<group>"; };
		18999A8A2AB084B00094E18A /* UserViewModel.swift */ = {isa = PBXFileReference; lastKnownFileType = sourcecode.swift; path = UserViewModel.swift; sourceTree = "<group>"; };
		18B60D2F2AB885FF005616CA /* VideoPlayerViewController.swift */ = {isa = PBXFileReference; lastKnownFileType = sourcecode.swift; path = VideoPlayerViewController.swift; sourceTree = "<group>"; };
		18C95AEE2AB6C9E4004AC21C /* ViewController.swift */ = {isa = PBXFileReference; lastKnownFileType = sourcecode.swift; path = ViewController.swift; sourceTree = "<group>"; };
		18C95AF32AB6EA08004AC21C /* ChatHeader.swift */ = {isa = PBXFileReference; lastKnownFileType = sourcecode.swift; path = ChatHeader.swift; sourceTree = "<group>"; };
		18C95AF52AB70007004AC21C /* CollectionView.swift */ = {isa = PBXFileReference; lastKnownFileType = sourcecode.swift; path = CollectionView.swift; sourceTree = "<group>"; };
		18FA38552AB82C58008872CA /* ExtensionChatViewController.swift */ = {isa = PBXFileReference; lastKnownFileType = sourcecode.swift; path = ExtensionChatViewController.swift; sourceTree = "<group>"; };
/* End PBXFileReference section */

/* Begin PBXFrameworksBuildPhase section */
		1853A9E92AAB16B500C7BD01 /* Frameworks */ = {
			isa = PBXFrameworksBuildPhase;
			buildActionMask = 2147483647;
			files = (
				183243332AAC841B0033F2AA /* FirebaseDatabase in Frameworks */,
				1832432E2AAC83690033F2AA /* SDWebImage in Frameworks */,
				183243372AAC841B0033F2AA /* FirebaseMessaging in Frameworks */,
				18B60D332AB88F2D005616CA /* ImageSlideshow in Frameworks */,
				1832433C2AAC84840033F2AA /* MBProgressHUD in Frameworks */,
				182A89C12AACC43000B08DBC /* ProgressHUD in Frameworks */,
				186182362AADB7F300C69A88 /* GoogleSignInSwift in Frameworks */,
				183243392AAC841B0033F2AA /* FirebaseStorage in Frameworks */,
				183243312AAC841B0033F2AA /* FirebaseAuth in Frameworks */,
				18B60D352AB88F2D005616CA /* ImageSlideshow/SDWebImage in Frameworks */,
				1872F2772ABEF16A008D07B3 /* SwiftAudioPlayer in Frameworks */,
				183243352AAC841B0033F2AA /* FirebaseFirestore in Frameworks */,
				186182342AADB7F300C69A88 /* GoogleSignIn in Frameworks */,
			);
			runOnlyForDeploymentPostprocessing = 0;
		};
/* End PBXFrameworksBuildPhase section */

/* Begin PBXGroup section */
		18159B242AAC9576007EE035 /* Constants */ = {
			isa = PBXGroup;
			children = (
				18159B252AAC9580007EE035 /* Constants.swift */,
			);
			path = Constants;
			sourceTree = "<group>";
		};
		1823F3E32AAF3B5300602E82 /* ChatViewController */ = {
			isa = PBXGroup;
			children = (
				18B60D2E2AB885B7005616CA /* Controllers */,
				182EC0492AB308BD00C522FA /* ViewModel */,
				1823F3E62AAF436D00602E82 /* Controller */,
				1823F3E72AAF438400602E82 /* Cell */,
				18999A832AB0307F0094E18A /* View */,
			);
			path = ChatViewController;
			sourceTree = "<group>";
		};
		1823F3E62AAF436D00602E82 /* Controller */ = {
			isa = PBXGroup;
			children = (
				1823F3E42AAF3B6F00602E82 /* ChatViewController.swift */,
				18FA38552AB82C58008872CA /* ExtensionChatViewController.swift */,
			);
			path = Controller;
			sourceTree = "<group>";
		};
		1823F3E72AAF438400602E82 /* Cell */ = {
			isa = PBXGroup;
			children = (
				1823F3E82AAF43AB00602E82 /* ChatViewCell.swift */,
			);
			path = Cell;
			sourceTree = "<group>";
		};
		182A89B92AACBA9E00B08DBC /* Auth */ = {
			isa = PBXGroup;
			children = (
				1853AA0C2AAB194800C7BD01 /* LoginViewController.swift */,
				1853AA0E2AAB1A3000C7BD01 /* RegisterViewController.swift */,
			);
			path = Auth;
			sourceTree = "<group>";
		};
		182A89BA2AACBAA700B08DBC /* Core */ = {
			isa = PBXGroup;
			children = (
				1823F3E32AAF3B5300602E82 /* ChatViewController */,
				182D82012AAEF48F00C35D5C /* ConversationViewController */,
				182D82082AAEFEF800C35D5C /* NewChatViewController */,
			);
			path = Core;
			sourceTree = "<group>";
		};
		182D82012AAEF48F00C35D5C /* ConversationViewController */ = {
			isa = PBXGroup;
			children = (
				182D82052AAEF4BE00C35D5C /* Controller */,
				182D82032AAEF4A700C35D5C /* Cell */,
			);
			path = ConversationViewController;
			sourceTree = "<group>";
		};
		182D82032AAEF4A700C35D5C /* Cell */ = {
			isa = PBXGroup;
			children = (
				182D82062AAEF4D400C35D5C /* ConversationCell.swift */,
			);
			path = Cell;
			sourceTree = "<group>";
		};
		182D82052AAEF4BE00C35D5C /* Controller */ = {
			isa = PBXGroup;
			children = (
				182A89BB2AACBABE00B08DBC /* ConversationViewController.swift */,
			);
			name = Controller;
			path = Cell/Controller;
			sourceTree = "<group>";
		};
		182D82082AAEFEF800C35D5C /* NewChatViewController */ = {
			isa = PBXGroup;
			children = (
				18999A892AB084A50094E18A /* ViewModel */,
				182D82092AAEFF0400C35D5C /* Controller */,
				182D820A2AAF1BB200C35D5C /* Cell */,
			);
			path = NewChatViewController;
			sourceTree = "<group>";
		};
		182D82092AAEFF0400C35D5C /* Controller */ = {
			isa = PBXGroup;
			children = (
				182D81FF2AAED18400C35D5C /* NewChatViewController.swift */,
			);
			path = Controller;
			sourceTree = "<group>";
		};
		182D820A2AAF1BB200C35D5C /* Cell */ = {
			isa = PBXGroup;
			children = (
				182D820B2AAF1BBA00C35D5C /* NewChatCell.swift */,
			);
			path = Cell;
			sourceTree = "<group>";
		};
		182EC0492AB308BD00C522FA /* ViewModel */ = {
			isa = PBXGroup;
			children = (
				182EC04A2AB308D300C522FA /* MessageViewModel.swift */,
			);
			path = ViewModel;
			sourceTree = "<group>";
		};
		1832431E2AAC4EB10033F2AA /* Protocols */ = {
			isa = PBXGroup;
			children = (
				182A89BD2AACC37200B08DBC /* UIAnimatable.swift */,
				1832431F2AAC4ECE0033F2AA /* AuthViewModelProtocol.swift */,
			);
			path = Protocols;
			sourceTree = "<group>";
		};
		1853A9E32AAB16B500C7BD01 = {
			isa = PBXGroup;
			children = (
				1853A9EE2AAB16B600C7BD01 /* chatApp */,
				1853A9ED2AAB16B600C7BD01 /* Products */,
			);
			sourceTree = "<group>";
		};
		1853A9ED2AAB16B600C7BD01 /* Products */ = {
			isa = PBXGroup;
			children = (
				1853A9EC2AAB16B600C7BD01 /* chatApp.app */,
			);
			name = Products;
			sourceTree = "<group>";
		};
		1853A9EE2AAB16B600C7BD01 /* chatApp */ = {
			isa = PBXGroup;
			children = (
				1853AA052AAB173700C7BD01 /* Shared Files */,
				1853AA042AAB172100C7BD01 /* Module */,
				1853AA032AAB171500C7BD01 /* Support */,
			);
			path = chatApp;
			sourceTree = "<group>";
		};
		1853AA032AAB171500C7BD01 /* Support */ = {
			isa = PBXGroup;
			children = (
				1853AA152AAB1D2200C7BD01 /* Assets.xcassets */,
				1853A9EF2AAB16B600C7BD01 /* AppDelegate.swift */,
				1861823B2AADC1EA00C69A88 /* GoogleService-Info.plist */,
				1853A9F12AAB16B600C7BD01 /* SceneDelegate.swift */,
				1853A9FA2AAB16B600C7BD01 /* LaunchScreen.storyboard */,
				1853A9FD2AAB16B600C7BD01 /* Info.plist */,
				186182392AADC06100C69A88 /* credentials.plist */,
			);
			path = Support;
			sourceTree = "<group>";
		};
		1853AA042AAB172100C7BD01 /* Module */ = {
			isa = PBXGroup;
			children = (
				1853AA0A2AAB183000C7BD01 /* API */,
				1853AA092AAB181E00C7BD01 /* Model */,
				1853AA082AAB180900C7BD01 /* Views */,
				1832431E2AAC4EB10033F2AA /* Protocols */,
				1853AA072AAB17FC00C7BD01 /* ViewModel */,
				1853AA062AAB17EF00C7BD01 /* Controllers */,
			);
			path = Module;
			sourceTree = "<group>";
		};
		1853AA052AAB173700C7BD01 /* Shared Files */ = {
			isa = PBXGroup;
			children = (
				18159B242AAC9576007EE035 /* Constants */,
				185411CF2AAC273C0086A8EF /* Class */,
				1853AA102AAB1CBA00C7BD01 /* Extensions */,
			);
			path = "Shared Files";
			sourceTree = "<group>";
		};
		1853AA062AAB17EF00C7BD01 /* Controllers */ = {
			isa = PBXGroup;
			children = (
				182A89B92AACBA9E00B08DBC /* Auth */,
				182A89BA2AACBAA700B08DBC /* Core */,
			);
			path = Controllers;
			sourceTree = "<group>";
		};
		1853AA072AAB17FC00C7BD01 /* ViewModel */ = {
			isa = PBXGroup;
			children = (
				1853AA192AAB55D700C7BD01 /* LoginViewModel.swift */,
				185411D32AAC33E70086A8EF /* RegisterViewModel.swift */,
			);
			path = ViewModel;
			sourceTree = "<group>";
		};
		1853AA082AAB180900C7BD01 /* Views */ = {
			isa = PBXGroup;
			children = (
			);
			path = Views;
			sourceTree = "<group>";
		};
		1853AA092AAB181E00C7BD01 /* Model */ = {
			isa = PBXGroup;
			children = (
				1898DC022ABC009C006AC728 /* AKAudioRecorder.swift */,
				186182412AADF03800C69A88 /* User.swift */,
				182EC0472AB2F22B00C522FA /* Message.swift */,
			);
			path = Model;
			sourceTree = "<group>";
		};
		1853AA0A2AAB183000C7BD01 /* API */ = {
			isa = PBXGroup;
			children = (
				18159B222AAC91EC007EE035 /* AuthService.swift */,
				18159B272AAC9B68007EE035 /* FileUploader.swift */,
				182EC0452AB2C8BC00C522FA /* MessageService.swift */,
				186182432AADF19A00C69A88 /* UserServiece.swift */,
			);
			path = API;
			sourceTree = "<group>";
		};
		1853AA102AAB1CBA00C7BD01 /* Extensions */ = {
			isa = PBXGroup;
			children = (
				1853AA112AAB1CD800C7BD01 /* Views.swift */,
				1853AA172AAB500400C7BD01 /* Buttons.swift */,
				183243212AAC64F70033F2AA /* UIColor.swift */,
				1861823D2AADCD5E00C69A88 /* String.swift */,
				182D81FB2AAEBC6E00C35D5C /* BarButtonItem.swift */,
				182D81FD2AAEC2A800C35D5C /* NavigationBar.swift */,
				18C95AEE2AB6C9E4004AC21C /* ViewController.swift */,
				18C95AF52AB70007004AC21C /* CollectionView.swift */,
			);
			path = Extensions;
			sourceTree = "<group>";
		};
		185411CF2AAC273C0086A8EF /* Class */ = {
			isa = PBXGroup;
			children = (
				185411D12AAC27760086A8EF /* CustomTextField.swift */,
				1832431C2AAC4B400033F2AA /* AuthButton.swift */,
				183243252AAC79090033F2AA /* CustomImageView.swift */,
				183243232AAC72F80033F2AA /* CustomLabel.swift */,
				1861823F2AADD37C00C69A88 /* ImageTextButton.swift */,
				18999A872AB031B20094E18A /* InputTextView.swift */,
			);
			path = Class;
			sourceTree = "<group>";
		};
		18999A832AB0307F0094E18A /* View */ = {
			isa = PBXGroup;
			children = (
				18999A862AB030AE0094E18A /* CustomeInputView */,
				18C95AF32AB6EA08004AC21C /* ChatHeader.swift */,
			);
			path = View;
			sourceTree = "<group>";
		};
		18999A862AB030AE0094E18A /* CustomeInputView */ = {
			isa = PBXGroup;
			children = (
				18999A842AB0308F0094E18A /* CustomeInputView.swift */,
			);
			path = CustomeInputView;
			sourceTree = "<group>";
		};
		18999A892AB084A50094E18A /* ViewModel */ = {
			isa = PBXGroup;
			children = (
				18999A8A2AB084B00094E18A /* UserViewModel.swift */,
			);
			path = ViewModel;
			sourceTree = "<group>";
		};
		18B60D2E2AB885B7005616CA /* Controllers */ = {
			isa = PBXGroup;
			children = (
				18B60D2F2AB885FF005616CA /* VideoPlayerViewController.swift */,
			);
			path = Controllers;
			sourceTree = "<group>";
		};
/* End PBXGroup section */

/* Begin PBXNativeTarget section */
		1853A9EB2AAB16B500C7BD01 /* chatApp */ = {
			isa = PBXNativeTarget;
			buildConfigurationList = 1853AA002AAB16B600C7BD01 /* Build configuration list for PBXNativeTarget "chatApp" */;
			buildPhases = (
				1853A9E82AAB16B500C7BD01 /* Sources */,
				1853A9E92AAB16B500C7BD01 /* Frameworks */,
				1853A9EA2AAB16B500C7BD01 /* Resources */,
			);
			buildRules = (
			);
			dependencies = (
			);
			name = chatApp;
			packageProductDependencies = (
				1832432D2AAC83690033F2AA /* SDWebImage */,
				183243302AAC841B0033F2AA /* FirebaseAuth */,
				183243322AAC841B0033F2AA /* FirebaseDatabase */,
				183243342AAC841B0033F2AA /* FirebaseFirestore */,
				183243362AAC841B0033F2AA /* FirebaseMessaging */,
				183243382AAC841B0033F2AA /* FirebaseStorage */,
				1832433B2AAC84840033F2AA /* MBProgressHUD */,
				182A89C02AACC43000B08DBC /* ProgressHUD */,
				186182332AADB7F300C69A88 /* GoogleSignIn */,
				186182352AADB7F300C69A88 /* GoogleSignInSwift */,
				18B60D322AB88F2D005616CA /* ImageSlideshow */,
				18B60D342AB88F2D005616CA /* ImageSlideshow/SDWebImage */,
				1872F2762ABEF16A008D07B3 /* SwiftAudioPlayer */,
			);
			productName = chatApp;
			productReference = 1853A9EC2AAB16B600C7BD01 /* chatApp.app */;
			productType = "com.apple.product-type.application";
		};
/* End PBXNativeTarget section */

/* Begin PBXProject section */
		1853A9E42AAB16B500C7BD01 /* Project object */ = {
			isa = PBXProject;
			attributes = {
				BuildIndependentTargetsInParallel = 1;
				LastSwiftUpdateCheck = 1430;
				LastUpgradeCheck = 1430;
				TargetAttributes = {
					1853A9EB2AAB16B500C7BD01 = {
						CreatedOnToolsVersion = 14.3.1;
					};
				};
			};
			buildConfigurationList = 1853A9E72AAB16B500C7BD01 /* Build configuration list for PBXProject "chatApp" */;
			compatibilityVersion = "Xcode 14.0";
			developmentRegion = en;
			hasScannedForEncodings = 0;
			knownRegions = (
				en,
				Base,
			);
			mainGroup = 1853A9E32AAB16B500C7BD01;
			packageReferences = (
				1832432C2AAC83690033F2AA /* XCRemoteSwiftPackageReference "SDWebImage" */,
				1832432F2AAC841B0033F2AA /* XCRemoteSwiftPackageReference "firebase-ios-sdk" */,
				1832433A2AAC84840033F2AA /* XCRemoteSwiftPackageReference "MBProgressHUD" */,
				182A89BF2AACC43000B08DBC /* XCRemoteSwiftPackageReference "ProgressHUD" */,
				186182322AADB7F300C69A88 /* XCRemoteSwiftPackageReference "GoogleSignIn-iOS" */,
				18B60D312AB88F2D005616CA /* XCRemoteSwiftPackageReference "ImageSlideshow" */,
				1872F2752ABEF16A008D07B3 /* XCRemoteSwiftPackageReference "SwiftAudioPlayer" */,
			);
			productRefGroup = 1853A9ED2AAB16B600C7BD01 /* Products */;
			projectDirPath = "";
			projectRoot = "";
			targets = (
				1853A9EB2AAB16B500C7BD01 /* chatApp */,
			);
		};
/* End PBXProject section */

/* Begin PBXResourcesBuildPhase section */
		1853A9EA2AAB16B500C7BD01 /* Resources */ = {
			isa = PBXResourcesBuildPhase;
			buildActionMask = 2147483647;
			files = (
				1853A9FC2AAB16B600C7BD01 /* LaunchScreen.storyboard in Resources */,
				1861823C2AADC1EA00C69A88 /* GoogleService-Info.plist in Resources */,
				1861823A2AADC06100C69A88 /* credentials.plist in Resources */,
				1853AA162AAB1D2200C7BD01 /* Assets.xcassets in Resources */,
			);
			runOnlyForDeploymentPostprocessing = 0;
		};
/* End PBXResourcesBuildPhase section */

/* Begin PBXSourcesBuildPhase section */
		1853A9E82AAB16B500C7BD01 /* Sources */ = {
			isa = PBXSourcesBuildPhase;
			buildActionMask = 2147483647;
			files = (
				182D81FE2AAEC2A800C35D5C /* NavigationBar.swift in Sources */,
				1853AA182AAB500400C7BD01 /* Buttons.swift in Sources */,
				183243222AAC64F70033F2AA /* UIColor.swift in Sources */,
				1861823E2AADCD5E00C69A88 /* String.swift in Sources */,
				186182442AADF19A00C69A88 /* UserServiece.swift in Sources */,
				18999A882AB031B20094E18A /* InputTextView.swift in Sources */,
				182A89BC2AACBABE00B08DBC /* ConversationViewController.swift in Sources */,
				1823F3E92AAF43AB00602E82 /* ChatViewCell.swift in Sources */,
				1832431D2AAC4B400033F2AA /* AuthButton.swift in Sources */,
				18999A852AB0308F0094E18A /* CustomeInputView.swift in Sources */,
				18C95AF62AB70007004AC21C /* CollectionView.swift in Sources */,
				182EC04B2AB308D300C522FA /* MessageViewModel.swift in Sources */,
				1853AA0D2AAB194800C7BD01 /* LoginViewController.swift in Sources */,
				18B60D302AB885FF005616CA /* VideoPlayerViewController.swift in Sources */,
				1853AA0F2AAB1A3000C7BD01 /* RegisterViewController.swift in Sources */,
				182D820C2AAF1BBA00C35D5C /* NewChatCell.swift in Sources */,
				18159B262AAC9580007EE035 /* Constants.swift in Sources */,
				1853AA122AAB1CD800C7BD01 /* Views.swift in Sources */,
				186182422AADF03800C69A88 /* User.swift in Sources */,
				18C95AF42AB6EA08004AC21C /* ChatHeader.swift in Sources */,
				18159B282AAC9B68007EE035 /* FileUploader.swift in Sources */,
				18C95AEF2AB6C9E4004AC21C /* ViewController.swift in Sources */,
				185411D22AAC27760086A8EF /* CustomTextField.swift in Sources */,
				182D81FC2AAEBC6E00C35D5C /* BarButtonItem.swift in Sources */,
				1853AA1A2AAB55D700C7BD01 /* LoginViewModel.swift in Sources */,
				182D82072AAEF4D400C35D5C /* ConversationCell.swift in Sources */,
				1853A9F02AAB16B600C7BD01 /* AppDelegate.swift in Sources */,
				183243262AAC79090033F2AA /* CustomImageView.swift in Sources */,
				182EC0462AB2C8BC00C522FA /* MessageService.swift in Sources */,
				185411D42AAC33E70086A8EF /* RegisterViewModel.swift in Sources */,
				1898DC032ABC009C006AC728 /* AKAudioRecorder.swift in Sources */,
				183243242AAC72F80033F2AA /* CustomLabel.swift in Sources */,
				18159B232AAC91EC007EE035 /* AuthService.swift in Sources */,
				182EC0482AB2F22B00C522FA /* Message.swift in Sources */,
				18FA38562AB82C58008872CA /* ExtensionChatViewController.swift in Sources */,
				183243202AAC4ECE0033F2AA /* AuthViewModelProtocol.swift in Sources */,
				182A89BE2AACC37200B08DBC /* UIAnimatable.swift in Sources */,
				182D82002AAED18400C35D5C /* NewChatViewController.swift in Sources */,
				186182402AADD37C00C69A88 /* ImageTextButton.swift in Sources */,
				1823F3E52AAF3B6F00602E82 /* ChatViewController.swift in Sources */,
				18999A8B2AB084B00094E18A /* UserViewModel.swift in Sources */,
				1853A9F22AAB16B600C7BD01 /* SceneDelegate.swift in Sources */,
			);
			runOnlyForDeploymentPostprocessing = 0;
		};
/* End PBXSourcesBuildPhase section */

/* Begin PBXVariantGroup section */
		1853A9FA2AAB16B600C7BD01 /* LaunchScreen.storyboard */ = {
			isa = PBXVariantGroup;
			children = (
				1853A9FB2AAB16B600C7BD01 /* Base */,
			);
			name = LaunchScreen.storyboard;
			sourceTree = "<group>";
		};
/* End PBXVariantGroup section */

/* Begin XCBuildConfiguration section */
		1853A9FE2AAB16B600C7BD01 /* Debug */ = {
			isa = XCBuildConfiguration;
			buildSettings = {
				ALWAYS_SEARCH_USER_PATHS = NO;
				CLANG_ANALYZER_NONNULL = YES;
				CLANG_ANALYZER_NUMBER_OBJECT_CONVERSION = YES_AGGRESSIVE;
				CLANG_CXX_LANGUAGE_STANDARD = "gnu++20";
				CLANG_ENABLE_MODULES = YES;
				CLANG_ENABLE_OBJC_ARC = YES;
				CLANG_ENABLE_OBJC_WEAK = YES;
				CLANG_WARN_BLOCK_CAPTURE_AUTORELEASING = YES;
				CLANG_WARN_BOOL_CONVERSION = YES;
				CLANG_WARN_COMMA = YES;
				CLANG_WARN_CONSTANT_CONVERSION = YES;
				CLANG_WARN_DEPRECATED_OBJC_IMPLEMENTATIONS = YES;
				CLANG_WARN_DIRECT_OBJC_ISA_USAGE = YES_ERROR;
				CLANG_WARN_DOCUMENTATION_COMMENTS = YES;
				CLANG_WARN_EMPTY_BODY = YES;
				CLANG_WARN_ENUM_CONVERSION = YES;
				CLANG_WARN_INFINITE_RECURSION = YES;
				CLANG_WARN_INT_CONVERSION = YES;
				CLANG_WARN_NON_LITERAL_NULL_CONVERSION = YES;
				CLANG_WARN_OBJC_IMPLICIT_RETAIN_SELF = YES;
				CLANG_WARN_OBJC_LITERAL_CONVERSION = YES;
				CLANG_WARN_OBJC_ROOT_CLASS = YES_ERROR;
				CLANG_WARN_QUOTED_INCLUDE_IN_FRAMEWORK_HEADER = YES;
				CLANG_WARN_RANGE_LOOP_ANALYSIS = YES;
				CLANG_WARN_STRICT_PROTOTYPES = YES;
				CLANG_WARN_SUSPICIOUS_MOVE = YES;
				CLANG_WARN_UNGUARDED_AVAILABILITY = YES_AGGRESSIVE;
				CLANG_WARN_UNREACHABLE_CODE = YES;
				CLANG_WARN__DUPLICATE_METHOD_MATCH = YES;
				COPY_PHASE_STRIP = NO;
				DEBUG_INFORMATION_FORMAT = dwarf;
				ENABLE_STRICT_OBJC_MSGSEND = YES;
				ENABLE_TESTABILITY = YES;
				GCC_C_LANGUAGE_STANDARD = gnu11;
				GCC_DYNAMIC_NO_PIC = NO;
				GCC_NO_COMMON_BLOCKS = YES;
				GCC_OPTIMIZATION_LEVEL = 0;
				GCC_PREPROCESSOR_DEFINITIONS = (
					"DEBUG=1",
					"$(inherited)",
				);
				GCC_WARN_64_TO_32_BIT_CONVERSION = YES;
				GCC_WARN_ABOUT_RETURN_TYPE = YES_ERROR;
				GCC_WARN_UNDECLARED_SELECTOR = YES;
				GCC_WARN_UNINITIALIZED_AUTOS = YES_AGGRESSIVE;
				GCC_WARN_UNUSED_FUNCTION = YES;
				GCC_WARN_UNUSED_VARIABLE = YES;
				IPHONEOS_DEPLOYMENT_TARGET = 16.4;
				MTL_ENABLE_DEBUG_INFO = INCLUDE_SOURCE;
				MTL_FAST_MATH = YES;
				ONLY_ACTIVE_ARCH = YES;
				SDKROOT = iphoneos;
				SWIFT_ACTIVE_COMPILATION_CONDITIONS = DEBUG;
				SWIFT_OPTIMIZATION_LEVEL = "-Onone";
			};
			name = Debug;
		};
		1853A9FF2AAB16B600C7BD01 /* Release */ = {
			isa = XCBuildConfiguration;
			buildSettings = {
				ALWAYS_SEARCH_USER_PATHS = NO;
				CLANG_ANALYZER_NONNULL = YES;
				CLANG_ANALYZER_NUMBER_OBJECT_CONVERSION = YES_AGGRESSIVE;
				CLANG_CXX_LANGUAGE_STANDARD = "gnu++20";
				CLANG_ENABLE_MODULES = YES;
				CLANG_ENABLE_OBJC_ARC = YES;
				CLANG_ENABLE_OBJC_WEAK = YES;
				CLANG_WARN_BLOCK_CAPTURE_AUTORELEASING = YES;
				CLANG_WARN_BOOL_CONVERSION = YES;
				CLANG_WARN_COMMA = YES;
				CLANG_WARN_CONSTANT_CONVERSION = YES;
				CLANG_WARN_DEPRECATED_OBJC_IMPLEMENTATIONS = YES;
				CLANG_WARN_DIRECT_OBJC_ISA_USAGE = YES_ERROR;
				CLANG_WARN_DOCUMENTATION_COMMENTS = YES;
				CLANG_WARN_EMPTY_BODY = YES;
				CLANG_WARN_ENUM_CONVERSION = YES;
				CLANG_WARN_INFINITE_RECURSION = YES;
				CLANG_WARN_INT_CONVERSION = YES;
				CLANG_WARN_NON_LITERAL_NULL_CONVERSION = YES;
				CLANG_WARN_OBJC_IMPLICIT_RETAIN_SELF = YES;
				CLANG_WARN_OBJC_LITERAL_CONVERSION = YES;
				CLANG_WARN_OBJC_ROOT_CLASS = YES_ERROR;
				CLANG_WARN_QUOTED_INCLUDE_IN_FRAMEWORK_HEADER = YES;
				CLANG_WARN_RANGE_LOOP_ANALYSIS = YES;
				CLANG_WARN_STRICT_PROTOTYPES = YES;
				CLANG_WARN_SUSPICIOUS_MOVE = YES;
				CLANG_WARN_UNGUARDED_AVAILABILITY = YES_AGGRESSIVE;
				CLANG_WARN_UNREACHABLE_CODE = YES;
				CLANG_WARN__DUPLICATE_METHOD_MATCH = YES;
				COPY_PHASE_STRIP = NO;
				DEBUG_INFORMATION_FORMAT = "dwarf-with-dsym";
				ENABLE_NS_ASSERTIONS = NO;
				ENABLE_STRICT_OBJC_MSGSEND = YES;
				GCC_C_LANGUAGE_STANDARD = gnu11;
				GCC_NO_COMMON_BLOCKS = YES;
				GCC_WARN_64_TO_32_BIT_CONVERSION = YES;
				GCC_WARN_ABOUT_RETURN_TYPE = YES_ERROR;
				GCC_WARN_UNDECLARED_SELECTOR = YES;
				GCC_WARN_UNINITIALIZED_AUTOS = YES_AGGRESSIVE;
				GCC_WARN_UNUSED_FUNCTION = YES;
				GCC_WARN_UNUSED_VARIABLE = YES;
				IPHONEOS_DEPLOYMENT_TARGET = 16.4;
				MTL_ENABLE_DEBUG_INFO = NO;
				MTL_FAST_MATH = YES;
				SDKROOT = iphoneos;
				SWIFT_COMPILATION_MODE = wholemodule;
				SWIFT_OPTIMIZATION_LEVEL = "-O";
				VALIDATE_PRODUCT = YES;
			};
			name = Release;
		};
		1853AA012AAB16B600C7BD01 /* Debug */ = {
			isa = XCBuildConfiguration;
			buildSettings = {
				ASSETCATALOG_COMPILER_APPICON_NAME = AppIcon;
				ASSETCATALOG_COMPILER_GLOBAL_ACCENT_COLOR_NAME = AccentColor;
				CODE_SIGN_STYLE = Automatic;
				CURRENT_PROJECT_VERSION = 1;
				DEVELOPMENT_TEAM = 4BBUSC332Y;
				GENERATE_INFOPLIST_FILE = YES;
				INFOPLIST_FILE = chatApp/Support/Info.plist;
				INFOPLIST_KEY_NSCameraUsageDescription = "We need your camera to get  media";
				INFOPLIST_KEY_NSMicrophoneUsageDescription = "We need your mic for video";
				INFOPLIST_KEY_NSPhotoLibraryUsageDescription = "We need your photo ";
				INFOPLIST_KEY_UIApplicationSupportsIndirectInputEvents = YES;
				INFOPLIST_KEY_UILaunchStoryboardName = LaunchScreen;
				INFOPLIST_KEY_UISupportedInterfaceOrientations_iPad = "UIInterfaceOrientationPortrait UIInterfaceOrientationPortraitUpsideDown UIInterfaceOrientationLandscapeLeft UIInterfaceOrientationLandscapeRight";
				INFOPLIST_KEY_UISupportedInterfaceOrientations_iPhone = "UIInterfaceOrientationPortrait UIInterfaceOrientationLandscapeLeft UIInterfaceOrientationLandscapeRight";
				LD_RUNPATH_SEARCH_PATHS = (
					"$(inherited)",
					"@executable_path/Frameworks",
				);
				MARKETING_VERSION = 1.0;
				PRODUCT_BUNDLE_IDENTIFIER = com.Zholonko.www.chatApp;
				PRODUCT_NAME = "$(TARGET_NAME)";
				SWIFT_EMIT_LOC_STRINGS = YES;
				SWIFT_VERSION = 5.0;
				TARGETED_DEVICE_FAMILY = "1,2";
			};
			name = Debug;
		};
		1853AA022AAB16B600C7BD01 /* Release */ = {
			isa = XCBuildConfiguration;
			buildSettings = {
				ASSETCATALOG_COMPILER_APPICON_NAME = AppIcon;
				ASSETCATALOG_COMPILER_GLOBAL_ACCENT_COLOR_NAME = AccentColor;
				CODE_SIGN_STYLE = Automatic;
				CURRENT_PROJECT_VERSION = 1;
				DEVELOPMENT_TEAM = 4BBUSC332Y;
				GENERATE_INFOPLIST_FILE = YES;
				INFOPLIST_FILE = chatApp/Support/Info.plist;
				INFOPLIST_KEY_NSCameraUsageDescription = "We need your camera to get  media";
				INFOPLIST_KEY_NSMicrophoneUsageDescription = "We need your mic for video";
				INFOPLIST_KEY_NSPhotoLibraryUsageDescription = "We need your photo ";
				INFOPLIST_KEY_UIApplicationSupportsIndirectInputEvents = YES;
				INFOPLIST_KEY_UILaunchStoryboardName = LaunchScreen;
				INFOPLIST_KEY_UISupportedInterfaceOrientations_iPad = "UIInterfaceOrientationPortrait UIInterfaceOrientationPortraitUpsideDown UIInterfaceOrientationLandscapeLeft UIInterfaceOrientationLandscapeRight";
				INFOPLIST_KEY_UISupportedInterfaceOrientations_iPhone = "UIInterfaceOrientationPortrait UIInterfaceOrientationLandscapeLeft UIInterfaceOrientationLandscapeRight";
				LD_RUNPATH_SEARCH_PATHS = (
					"$(inherited)",
					"@executable_path/Frameworks",
				);
				MARKETING_VERSION = 1.0;
				PRODUCT_BUNDLE_IDENTIFIER = com.Zholonko.www.chatApp;
				PRODUCT_NAME = "$(TARGET_NAME)";
				SWIFT_EMIT_LOC_STRINGS = YES;
				SWIFT_VERSION = 5.0;
				TARGETED_DEVICE_FAMILY = "1,2";
			};
			name = Release;
		};
/* End XCBuildConfiguration section */

/* Begin XCConfigurationList section */
		1853A9E72AAB16B500C7BD01 /* Build configuration list for PBXProject "chatApp" */ = {
			isa = XCConfigurationList;
			buildConfigurations = (
				1853A9FE2AAB16B600C7BD01 /* Debug */,
				1853A9FF2AAB16B600C7BD01 /* Release */,
			);
			defaultConfigurationIsVisible = 0;
			defaultConfigurationName = Release;
		};
		1853AA002AAB16B600C7BD01 /* Build configuration list for PBXNativeTarget "chatApp" */ = {
			isa = XCConfigurationList;
			buildConfigurations = (
				1853AA012AAB16B600C7BD01 /* Debug */,
				1853AA022AAB16B600C7BD01 /* Release */,
			);
			defaultConfigurationIsVisible = 0;
			defaultConfigurationName = Release;
		};
/* End XCConfigurationList section */

/* Begin XCRemoteSwiftPackageReference section */
		182A89BF2AACC43000B08DBC /* XCRemoteSwiftPackageReference "ProgressHUD" */ = {
			isa = XCRemoteSwiftPackageReference;
			repositoryURL = "https://github.com/relatedcode/ProgressHUD";
			requirement = {
				kind = upToNextMinorVersion;
				minimumVersion = 13.7.0;
			};
		};
		1832432C2AAC83690033F2AA /* XCRemoteSwiftPackageReference "SDWebImage" */ = {
			isa = XCRemoteSwiftPackageReference;
			repositoryURL = "https://github.com/SDWebImage/SDWebImage";
			requirement = {
				kind = upToNextMinorVersion;
				minimumVersion = 5.18.0;
			};
		};
		1832432F2AAC841B0033F2AA /* XCRemoteSwiftPackageReference "firebase-ios-sdk" */ = {
			isa = XCRemoteSwiftPackageReference;
			repositoryURL = "https://github.com/firebase/firebase-ios-sdk";
			requirement = {
				kind = upToNextMinorVersion;
				minimumVersion = 10.14.0;
			};
		};
		1832433A2AAC84840033F2AA /* XCRemoteSwiftPackageReference "MBProgressHUD" */ = {
			isa = XCRemoteSwiftPackageReference;
			repositoryURL = "https://github.com/jdg/MBProgressHUD";
			requirement = {
				kind = upToNextMinorVersion;
				minimumVersion = 1.2.0;
			};
		};
		186182322AADB7F300C69A88 /* XCRemoteSwiftPackageReference "GoogleSignIn-iOS" */ = {
			isa = XCRemoteSwiftPackageReference;
			repositoryURL = "https://github.com/google/GoogleSignIn-iOS";
			requirement = {
				kind = upToNextMinorVersion;
				minimumVersion = 7.0.0;
			};
		};
		1872F2752ABEF16A008D07B3 /* XCRemoteSwiftPackageReference "SwiftAudioPlayer" */ = {
			isa = XCRemoteSwiftPackageReference;
			repositoryURL = "https://github.com/tanhakabir/SwiftAudioPlayer";
			requirement = {
				kind = upToNextMajorVersion;
				minimumVersion = 7.0.0;
			};
		};
		18B60D312AB88F2D005616CA /* XCRemoteSwiftPackageReference "ImageSlideshow" */ = {
			isa = XCRemoteSwiftPackageReference;
			repositoryURL = "https://github.com/zvonicek/ImageSlideshow";
			requirement = {
				kind = upToNextMajorVersion;
				minimumVersion = 1.0.0;
			};
		};
/* End XCRemoteSwiftPackageReference section */

/* Begin XCSwiftPackageProductDependency section */
		182A89C02AACC43000B08DBC /* ProgressHUD */ = {
			isa = XCSwiftPackageProductDependency;
			package = 182A89BF2AACC43000B08DBC /* XCRemoteSwiftPackageReference "ProgressHUD" */;
			productName = ProgressHUD;
		};
		1832432D2AAC83690033F2AA /* SDWebImage */ = {
			isa = XCSwiftPackageProductDependency;
			package = 1832432C2AAC83690033F2AA /* XCRemoteSwiftPackageReference "SDWebImage" */;
			productName = SDWebImage;
		};
		183243302AAC841B0033F2AA /* FirebaseAuth */ = {
			isa = XCSwiftPackageProductDependency;
			package = 1832432F2AAC841B0033F2AA /* XCRemoteSwiftPackageReference "firebase-ios-sdk" */;
			productName = FirebaseAuth;
		};
		183243322AAC841B0033F2AA /* FirebaseDatabase */ = {
			isa = XCSwiftPackageProductDependency;
			package = 1832432F2AAC841B0033F2AA /* XCRemoteSwiftPackageReference "firebase-ios-sdk" */;
			productName = FirebaseDatabase;
		};
		183243342AAC841B0033F2AA /* FirebaseFirestore */ = {
			isa = XCSwiftPackageProductDependency;
			package = 1832432F2AAC841B0033F2AA /* XCRemoteSwiftPackageReference "firebase-ios-sdk" */;
			productName = FirebaseFirestore;
		};
		183243362AAC841B0033F2AA /* FirebaseMessaging */ = {
			isa = XCSwiftPackageProductDependency;
			package = 1832432F2AAC841B0033F2AA /* XCRemoteSwiftPackageReference "firebase-ios-sdk" */;
			productName = FirebaseMessaging;
		};
		183243382AAC841B0033F2AA /* FirebaseStorage */ = {
			isa = XCSwiftPackageProductDependency;
			package = 1832432F2AAC841B0033F2AA /* XCRemoteSwiftPackageReference "firebase-ios-sdk" */;
			productName = FirebaseStorage;
		};
		1832433B2AAC84840033F2AA /* MBProgressHUD */ = {
			isa = XCSwiftPackageProductDependency;
			package = 1832433A2AAC84840033F2AA /* XCRemoteSwiftPackageReference "MBProgressHUD" */;
			productName = MBProgressHUD;
		};
		186182332AADB7F300C69A88 /* GoogleSignIn */ = {
			isa = XCSwiftPackageProductDependency;
			package = 186182322AADB7F300C69A88 /* XCRemoteSwiftPackageReference "GoogleSignIn-iOS" */;
			productName = GoogleSignIn;
		};
		186182352AADB7F300C69A88 /* GoogleSignInSwift */ = {
			isa = XCSwiftPackageProductDependency;
			package = 186182322AADB7F300C69A88 /* XCRemoteSwiftPackageReference "GoogleSignIn-iOS" */;
			productName = GoogleSignInSwift;
		};
		1872F2762ABEF16A008D07B3 /* SwiftAudioPlayer */ = {
			isa = XCSwiftPackageProductDependency;
			package = 1872F2752ABEF16A008D07B3 /* XCRemoteSwiftPackageReference "SwiftAudioPlayer" */;
			productName = SwiftAudioPlayer;
		};
		18B60D322AB88F2D005616CA /* ImageSlideshow */ = {
			isa = XCSwiftPackageProductDependency;
			package = 18B60D312AB88F2D005616CA /* XCRemoteSwiftPackageReference "ImageSlideshow" */;
			productName = ImageSlideshow;
		};
		18B60D342AB88F2D005616CA /* ImageSlideshow/SDWebImage */ = {
			isa = XCSwiftPackageProductDependency;
			package = 18B60D312AB88F2D005616CA /* XCRemoteSwiftPackageReference "ImageSlideshow" */;
			productName = ImageSlideshow/SDWebImage;
		};
/* End XCSwiftPackageProductDependency section */
	};
	rootObject = 1853A9E42AAB16B500C7BD01 /* Project object */;
}
